
Microsoft Visual Studio Solution File, Format Version 12.00
# Visual Studio Version 17
VisualStudioVersion = 17.3.32929.385
MinimumVisualStudioVersion = 10.0.40219.1
Project("{FAE04EC0-301F-11D3-BF4B-00C04F79EFBC}") = "CSOM_Exercise", "CSOM_Exercise.csproj", "{C29A2ACA-B938-41C7-AA64-C6B224614DCF}"
EndProject
Global
	GlobalSection(SolutionConfigurationPlatforms) = preSolution
		Debug|Any CPU = Debug|Any CPU
		Release|Any CPU = Release|Any CPU
	EndGlobalSection
	GlobalSection(ProjectConfigurationPlatforms) = postSolution
		{C29A2ACA-B938-41C7-AA64-C6B224614DCF}.Debug|Any CPU.ActiveCfg = Debug|Any CPU
		{C29A2ACA-B938-41C7-AA64-C6B224614DCF}.Debug|Any CPU.Build.0 = Debug|Any CPU
		{C29A2ACA-B938-41C7-AA64-C6B224614DCF}.Release|Any CPU.ActiveCfg = Release|Any CPU
		{C29A2ACA-B938-41C7-AA64-C6B224614DCF}.Release|Any CPU.Build.0 = Release|Any CPU
	EndGlobalSection
	GlobalSection(SolutionProperties) = preSolution
		HideSolutionNode = FALSE
	EndGlobalSection
	GlobalSection(ExtensibilityGlobals) = postSolution
		SolutionGuid = {5C1EADF7-0AE5-49E6-A407-EB7C1053BAC8}
	EndGlobalSection
EndGlobal
